// !$*UTF8*$!
{
	archiveVersion = 1;
	classes = {
	};
	objectVersion = 45;
	objects = {

/* Begin PBXBuildFile section */
		01C83D1E1262C03B0008D4F8 /* OBFacebookUser.json in Resources */ = {isa = PBXBuildFile; fileRef = 01C83D171262C03B0008D4F8 /* OBFacebookUser.json */; };
		01C83D1F1262C03B0008D4F8 /* OBFoursquareUser.json in Resources */ = {isa = PBXBuildFile; fileRef = 01C83D181262C03B0008D4F8 /* OBFoursquareUser.json */; };
		01C83D201262C03B0008D4F8 /* OBFriend.json in Resources */ = {isa = PBXBuildFile; fileRef = 01C83D191262C03B0008D4F8 /* OBFriend.json */; };
		01C83D211262C03B0008D4F8 /* OBTwitterUser.json in Resources */ = {isa = PBXBuildFile; fileRef = 01C83D1A1262C03B0008D4F8 /* OBTwitterUser.json */; };
		01C83D231262C03B0008D4F8 /* OBOAuthServiceConfig.json in Resources */ = {isa = PBXBuildFile; fileRef = 01C83D1C1262C03B0008D4F8 /* OBOAuthServiceConfig.json */; };
		01C83D241262C03B0008D4F8 /* OBClient.json in Resources */ = {isa = PBXBuildFile; fileRef = 01C83D1D1262C03B0008D4F8 /* OBClient.json */; };
		01C83D291262C0550008D4F8 /* OBControl.xcdatamodel in Sources */ = {isa = PBXBuildFile; fileRef = 01C83D281262C0550008D4F8 /* OBControl.xcdatamodel */; };
		1D3623260D0F684500981E51 /* FacemashAppDelegate.m in Sources */ = {isa = PBXBuildFile; fileRef = 1D3623250D0F684500981E51 /* FacemashAppDelegate.m */; };
		1D60589B0D05DD56006BFB54 /* main.m in Sources */ = {isa = PBXBuildFile; fileRef = 29B97316FDCFA39411CA2CEA /* main.m */; };
		1D60589F0D05DD5A006BFB54 /* Foundation.framework in Frameworks */ = {isa = PBXBuildFile; fileRef = 1D30AB110D05D00D00671497 /* Foundation.framework */; };
		1DF5F4E00D08C38300B7A737 /* UIKit.framework in Frameworks */ = {isa = PBXBuildFile; fileRef = 1DF5F4DF0D08C38300B7A737 /* UIKit.framework */; };
		251EA19A1262ABF80055CFD2 /* UIImage+Resize.m in Sources */ = {isa = PBXBuildFile; fileRef = 251EA1991262ABF80055CFD2 /* UIImage+Resize.m */; };
		251EA19F1262AC230055CFD2 /* UIImage+RoundedCorner.m in Sources */ = {isa = PBXBuildFile; fileRef = 251EA19E1262AC230055CFD2 /* UIImage+RoundedCorner.m */; };
		251EA1A21262AC380055CFD2 /* UIImage+Alpha.m in Sources */ = {isa = PBXBuildFile; fileRef = 251EA1A11262AC380055CFD2 /* UIImage+Alpha.m */; };
		251EA2C81262C3E50055CFD2 /* MainWindow_iPhone.xib in Resources */ = {isa = PBXBuildFile; fileRef = 251EA2C71262C3E50055CFD2 /* MainWindow_iPhone.xib */; };
		251EA2E31262C4BA0055CFD2 /* FacemashViewController_iPhone.xib in Resources */ = {isa = PBXBuildFile; fileRef = 251EA2E21262C4BA0055CFD2 /* FacemashViewController_iPhone.xib */; };
		251EA2F61262C5890055CFD2 /* FaceView_iPhone.xib in Resources */ = {isa = PBXBuildFile; fileRef = 251EA2F51262C5890055CFD2 /* FaceView_iPhone.xib */; };
		251EA3641262CB680055CFD2 /* Icon-Small.png in Resources */ = {isa = PBXBuildFile; fileRef = 251EA3601262CB680055CFD2 /* Icon-Small.png */; };
		251EA3651262CB680055CFD2 /* Icon-Small@2x.png in Resources */ = {isa = PBXBuildFile; fileRef = 251EA3611262CB680055CFD2 /* Icon-Small@2x.png */; };
		251EA3661262CB680055CFD2 /* Icon.png in Resources */ = {isa = PBXBuildFile; fileRef = 251EA3621262CB680055CFD2 /* Icon.png */; };
		251EA3671262CB680055CFD2 /* Icon@2x.png in Resources */ = {isa = PBXBuildFile; fileRef = 251EA3631262CB680055CFD2 /* Icon@2x.png */; };
		252E0FC1126083390008BD55 /* Icon-72.png in Resources */ = {isa = PBXBuildFile; fileRef = 252E0FC0126083390008BD55 /* Icon-72.png */; };
		252E0FE4126083CD0008BD55 /* Icon-Small-50.png in Resources */ = {isa = PBXBuildFile; fileRef = 252E0FE3126083CD0008BD55 /* Icon-Small-50.png */; };
		258632C6126090A400260ECB /* bieber_profile.jpg in Resources */ = {isa = PBXBuildFile; fileRef = 258632C4126090A400260ECB /* bieber_profile.jpg */; };
		258632C7126090A400260ECB /* mrt_profile.jpg in Resources */ = {isa = PBXBuildFile; fileRef = 258632C5126090A400260ECB /* mrt_profile.jpg */; };
		25BEBEB3126015F800E18F34 /* libOBCommand.a in Frameworks */ = {isa = PBXBuildFile; fileRef = 25BEBE8C126015A400E18F34 /* libOBCommand.a */; };
		25BEBF611260289700E18F34 /* CoreData.framework in Frameworks */ = {isa = PBXBuildFile; fileRef = 25BEBF601260289700E18F34 /* CoreData.framework */; };
		25BEC25E1260626400E18F34 /* QuartzCore.framework in Frameworks */ = {isa = PBXBuildFile; fileRef = 25BEC25D1260626400E18F34 /* QuartzCore.framework */; };
		25E05173125FCB7500CA6AC1 /* FacemashViewController.m in Sources */ = {isa = PBXBuildFile; fileRef = 25E05170125FCB7500CA6AC1 /* FacemashViewController.m */; };
		25E05178125FCB8F00CA6AC1 /* FaceView.m in Sources */ = {isa = PBXBuildFile; fileRef = 25E05177125FCB8F00CA6AC1 /* FaceView.m */; };
		25E05186125FCBD000CA6AC1 /* FacemashViewController_iPad.xib in Resources */ = {isa = PBXBuildFile; fileRef = 25E05183125FCBD000CA6AC1 /* FacemashViewController_iPad.xib */; };
		25E05187125FCBD000CA6AC1 /* MainWindow_iPad.xib in Resources */ = {isa = PBXBuildFile; fileRef = 25E05184125FCBD000CA6AC1 /* MainWindow_iPad.xib */; };
		25E05189125FCBE300CA6AC1 /* FaceView_iPad.xib in Resources */ = {isa = PBXBuildFile; fileRef = 25E05188125FCBE300CA6AC1 /* FaceView_iPad.xib */; };
		25E1C35E1263092D0052BE93 /* LauncherViewController.m in Sources */ = {isa = PBXBuildFile; fileRef = 25E1C35D1263092D0052BE93 /* LauncherViewController.m */; };
		25E1C36012630A9B0052BE93 /* LauncherViewController_iPhone.xib in Resources */ = {isa = PBXBuildFile; fileRef = 25E1C35F12630A9B0052BE93 /* LauncherViewController_iPhone.xib */; };
		25E1C36212630AAF0052BE93 /* LauncherViewController_iPad.xib in Resources */ = {isa = PBXBuildFile; fileRef = 25E1C36112630AAF0052BE93 /* LauncherViewController_iPad.xib */; };
		25E1C59F126332350052BE93 /* female.png in Resources */ = {isa = PBXBuildFile; fileRef = 25E1C59D126332350052BE93 /* female.png */; };
		25E1C5A0126332350052BE93 /* male.png in Resources */ = {isa = PBXBuildFile; fileRef = 25E1C59E126332350052BE93 /* male.png */; };
		288765A50DF7441C002DB57D /* CoreGraphics.framework in Frameworks */ = {isa = PBXBuildFile; fileRef = 288765A40DF7441C002DB57D /* CoreGraphics.framework */; };
/* End PBXBuildFile section */

/* Begin PBXContainerItemProxy section */
		25BEBE8B126015A400E18F34 /* PBXContainerItemProxy */ = {
			isa = PBXContainerItemProxy;
			containerPortal = 25BEBE7E126015A400E18F34 /* OBCommand.xcodeproj */;
			proxyType = 2;
			remoteGlobalIDString = D2AAC07E0554694100DB518D;
			remoteInfo = OBCommand;
		};
		25BEBE8D126015A400E18F34 /* PBXContainerItemProxy */ = {
			isa = PBXContainerItemProxy;
			containerPortal = 25BEBE7E126015A400E18F34 /* OBCommand.xcodeproj */;
			proxyType = 2;
			remoteGlobalIDString = 01DA95A61238B37200339DC4;
			remoteInfo = OBCommandTests;
		};
		25BEBE8F126015A400E18F34 /* PBXContainerItemProxy */ = {
			isa = PBXContainerItemProxy;
			containerPortal = 25BEBE7E126015A400E18F34 /* OBCommand.xcodeproj */;
			proxyType = 2;
			remoteGlobalIDString = 01BFE1DA1257D80F00F417F1;
			remoteInfo = OBCommandAllTests;
		};
		25BEBEB71260160D00E18F34 /* PBXContainerItemProxy */ = {
			isa = PBXContainerItemProxy;
			containerPortal = 25BEBE7E126015A400E18F34 /* OBCommand.xcodeproj */;
			proxyType = 1;
			remoteGlobalIDString = D2AAC07D0554694100DB518D;
			remoteInfo = OBCommand;
		};
/* End PBXContainerItemProxy section */

/* Begin PBXFileReference section */
		01C83D171262C03B0008D4F8 /* OBFacebookUser.json */ = {isa = PBXFileReference; fileEncoding = 4; lastKnownFileType = text; path = OBFacebookUser.json; sourceTree = "<group>"; };
		01C83D181262C03B0008D4F8 /* OBFoursquareUser.json */ = {isa = PBXFileReference; fileEncoding = 4; lastKnownFileType = text; path = OBFoursquareUser.json; sourceTree = "<group>"; };
		01C83D191262C03B0008D4F8 /* OBFriend.json */ = {isa = PBXFileReference; fileEncoding = 4; lastKnownFileType = text; path = OBFriend.json; sourceTree = "<group>"; };
		01C83D1A1262C03B0008D4F8 /* OBTwitterUser.json */ = {isa = PBXFileReference; fileEncoding = 4; lastKnownFileType = text; path = OBTwitterUser.json; sourceTree = "<group>"; };
		01C83D1C1262C03B0008D4F8 /* OBOAuthServiceConfig.json */ = {isa = PBXFileReference; fileEncoding = 4; lastKnownFileType = text; path = OBOAuthServiceConfig.json; sourceTree = "<group>"; };
		01C83D1D1262C03B0008D4F8 /* OBClient.json */ = {isa = PBXFileReference; fileEncoding = 4; lastKnownFileType = text; path = OBClient.json; sourceTree = "<group>"; };
		01C83D281262C0550008D4F8 /* OBControl.xcdatamodel */ = {isa = PBXFileReference; fileEncoding = 4; lastKnownFileType = wrapper.xcdatamodel; path = OBControl.xcdatamodel; sourceTree = "<group>"; };
		1D30AB110D05D00D00671497 /* Foundation.framework */ = {isa = PBXFileReference; lastKnownFileType = wrapper.framework; name = Foundation.framework; path = System/Library/Frameworks/Foundation.framework; sourceTree = SDKROOT; };
		1D3623240D0F684500981E51 /* FacemashAppDelegate.h */ = {isa = PBXFileReference; fileEncoding = 4; lastKnownFileType = sourcecode.c.h; path = FacemashAppDelegate.h; sourceTree = "<group>"; };
		1D3623250D0F684500981E51 /* FacemashAppDelegate.m */ = {isa = PBXFileReference; fileEncoding = 4; lastKnownFileType = sourcecode.c.objc; path = FacemashAppDelegate.m; sourceTree = "<group>"; };
		1D6058910D05DD3D006BFB54 /* Facemash.app */ = {isa = PBXFileReference; explicitFileType = wrapper.application; includeInIndex = 0; path = Facemash.app; sourceTree = BUILT_PRODUCTS_DIR; };
		1DF5F4DF0D08C38300B7A737 /* UIKit.framework */ = {isa = PBXFileReference; lastKnownFileType = wrapper.framework; name = UIKit.framework; path = System/Library/Frameworks/UIKit.framework; sourceTree = SDKROOT; };
		251EA1981262ABF80055CFD2 /* UIImage+Resize.h */ = {isa = PBXFileReference; fileEncoding = 4; lastKnownFileType = sourcecode.c.h; path = "UIImage+Resize.h"; sourceTree = "<group>"; };
		251EA1991262ABF80055CFD2 /* UIImage+Resize.m */ = {isa = PBXFileReference; fileEncoding = 4; lastKnownFileType = sourcecode.c.objc; path = "UIImage+Resize.m"; sourceTree = "<group>"; };
		251EA19D1262AC230055CFD2 /* UIImage+RoundedCorner.h */ = {isa = PBXFileReference; fileEncoding = 4; lastKnownFileType = sourcecode.c.h; path = "UIImage+RoundedCorner.h"; sourceTree = "<group>"; };
		251EA19E1262AC230055CFD2 /* UIImage+RoundedCorner.m */ = {isa = PBXFileReference; fileEncoding = 4; lastKnownFileType = sourcecode.c.objc; path = "UIImage+RoundedCorner.m"; sourceTree = "<group>"; };
		251EA1A01262AC380055CFD2 /* UIImage+Alpha.h */ = {isa = PBXFileReference; fileEncoding = 4; lastKnownFileType = sourcecode.c.h; path = "UIImage+Alpha.h"; sourceTree = "<group>"; };
		251EA1A11262AC380055CFD2 /* UIImage+Alpha.m */ = {isa = PBXFileReference; fileEncoding = 4; lastKnownFileType = sourcecode.c.objc; path = "UIImage+Alpha.m"; sourceTree = "<group>"; };
		251EA2C71262C3E50055CFD2 /* MainWindow_iPhone.xib */ = {isa = PBXFileReference; lastKnownFileType = file.xib; path = MainWindow_iPhone.xib; sourceTree = "<group>"; };
		251EA2E21262C4BA0055CFD2 /* FacemashViewController_iPhone.xib */ = {isa = PBXFileReference; lastKnownFileType = file.xib; path = FacemashViewController_iPhone.xib; sourceTree = "<group>"; };
		251EA2F51262C5890055CFD2 /* FaceView_iPhone.xib */ = {isa = PBXFileReference; lastKnownFileType = file.xib; path = FaceView_iPhone.xib; sourceTree = "<group>"; };
		251EA3601262CB680055CFD2 /* Icon-Small.png */ = {isa = PBXFileReference; lastKnownFileType = image.png; path = "Icon-Small.png"; sourceTree = "<group>"; };
		251EA3611262CB680055CFD2 /* Icon-Small@2x.png */ = {isa = PBXFileReference; lastKnownFileType = image.png; path = "Icon-Small@2x.png"; sourceTree = "<group>"; };
		251EA3621262CB680055CFD2 /* Icon.png */ = {isa = PBXFileReference; lastKnownFileType = image.png; path = Icon.png; sourceTree = "<group>"; };
		251EA3631262CB680055CFD2 /* Icon@2x.png */ = {isa = PBXFileReference; lastKnownFileType = image.png; path = "Icon@2x.png"; sourceTree = "<group>"; };
		252E0FC0126083390008BD55 /* Icon-72.png */ = {isa = PBXFileReference; lastKnownFileType = image.png; path = "Icon-72.png"; sourceTree = "<group>"; };
		252E0FE3126083CD0008BD55 /* Icon-Small-50.png */ = {isa = PBXFileReference; lastKnownFileType = image.png; path = "Icon-Small-50.png"; sourceTree = "<group>"; };
		258632C4126090A400260ECB /* bieber_profile.jpg */ = {isa = PBXFileReference; lastKnownFileType = image.jpeg; path = bieber_profile.jpg; sourceTree = "<group>"; };
		258632C5126090A400260ECB /* mrt_profile.jpg */ = {isa = PBXFileReference; lastKnownFileType = image.jpeg; path = mrt_profile.jpg; sourceTree = "<group>"; };
		25BEBE7E126015A400E18F34 /* OBCommand.xcodeproj */ = {isa = PBXFileReference; lastKnownFileType = "wrapper.pb-project"; name = OBCommand.xcodeproj; path = Classes/Vendor/OBCommand/OBCommand.xcodeproj; sourceTree = "<group>"; };
		25BEBF601260289700E18F34 /* CoreData.framework */ = {isa = PBXFileReference; lastKnownFileType = wrapper.framework; name = CoreData.framework; path = /System/Library/Frameworks/CoreData.framework; sourceTree = "<absolute>"; };
		25BEC25D1260626400E18F34 /* QuartzCore.framework */ = {isa = PBXFileReference; lastKnownFileType = wrapper.framework; name = QuartzCore.framework; path = System/Library/Frameworks/QuartzCore.framework; sourceTree = SDKROOT; };
		25E050E9125FC04800CA6AC1 /* Constants.h */ = {isa = PBXFileReference; fileEncoding = 4; lastKnownFileType = sourcecode.c.h; path = Constants.h; sourceTree = "<group>"; };
		25E0516F125FCB7500CA6AC1 /* FacemashViewController.h */ = {isa = PBXFileReference; fileEncoding = 4; lastKnownFileType = sourcecode.c.h; path = FacemashViewController.h; sourceTree = "<group>"; };
		25E05170125FCB7500CA6AC1 /* FacemashViewController.m */ = {isa = PBXFileReference; fileEncoding = 4; lastKnownFileType = sourcecode.c.objc; path = FacemashViewController.m; sourceTree = "<group>"; };
		25E05176125FCB8F00CA6AC1 /* FaceView.h */ = {isa = PBXFileReference; fileEncoding = 4; lastKnownFileType = sourcecode.c.h; path = FaceView.h; sourceTree = "<group>"; };
		25E05177125FCB8F00CA6AC1 /* FaceView.m */ = {isa = PBXFileReference; fileEncoding = 4; lastKnownFileType = sourcecode.c.objc; path = FaceView.m; sourceTree = "<group>"; };
		25E05183125FCBD000CA6AC1 /* FacemashViewController_iPad.xib */ = {isa = PBXFileReference; lastKnownFileType = file.xib; path = FacemashViewController_iPad.xib; sourceTree = "<group>"; };
		25E05184125FCBD000CA6AC1 /* MainWindow_iPad.xib */ = {isa = PBXFileReference; lastKnownFileType = file.xib; path = MainWindow_iPad.xib; sourceTree = "<group>"; };
		25E05188125FCBE300CA6AC1 /* FaceView_iPad.xib */ = {isa = PBXFileReference; lastKnownFileType = file.xib; path = FaceView_iPad.xib; sourceTree = "<group>"; };
		25E1C35C1263092D0052BE93 /* LauncherViewController.h */ = {isa = PBXFileReference; fileEncoding = 4; lastKnownFileType = sourcecode.c.h; path = LauncherViewController.h; sourceTree = "<group>"; };
		25E1C35D1263092D0052BE93 /* LauncherViewController.m */ = {isa = PBXFileReference; fileEncoding = 4; lastKnownFileType = sourcecode.c.objc; path = LauncherViewController.m; sourceTree = "<group>"; };
		25E1C35F12630A9B0052BE93 /* LauncherViewController_iPhone.xib */ = {isa = PBXFileReference; lastKnownFileType = file.xib; path = LauncherViewController_iPhone.xib; sourceTree = "<group>"; };
		25E1C36112630AAF0052BE93 /* LauncherViewController_iPad.xib */ = {isa = PBXFileReference; lastKnownFileType = file.xib; path = LauncherViewController_iPad.xib; sourceTree = "<group>"; };
		25E1C59D126332350052BE93 /* female.png */ = {isa = PBXFileReference; lastKnownFileType = image.png; path = female.png; sourceTree = "<group>"; };
		25E1C59E126332350052BE93 /* male.png */ = {isa = PBXFileReference; lastKnownFileType = image.png; path = male.png; sourceTree = "<group>"; };
		288765A40DF7441C002DB57D /* CoreGraphics.framework */ = {isa = PBXFileReference; lastKnownFileType = wrapper.framework; name = CoreGraphics.framework; path = System/Library/Frameworks/CoreGraphics.framework; sourceTree = SDKROOT; };
		29B97316FDCFA39411CA2CEA /* main.m */ = {isa = PBXFileReference; fileEncoding = 4; lastKnownFileType = sourcecode.c.objc; path = main.m; sourceTree = "<group>"; };
		32CA4F630368D1EE00C91783 /* Facemash_Prefix.pch */ = {isa = PBXFileReference; fileEncoding = 4; lastKnownFileType = sourcecode.c.h; path = Facemash_Prefix.pch; sourceTree = "<group>"; };
		8D1107310486CEB800E47090 /* Facemash-Info.plist */ = {isa = PBXFileReference; fileEncoding = 4; lastKnownFileType = text.plist.xml; path = "Facemash-Info.plist"; plistStructureDefinitionIdentifier = "com.apple.xcode.plist.structure-definition.iphone.info-plist"; sourceTree = "<group>"; };
/* End PBXFileReference section */

/* Begin PBXFrameworksBuildPhase section */
		1D60588F0D05DD3D006BFB54 /* Frameworks */ = {
			isa = PBXFrameworksBuildPhase;
			buildActionMask = 2147483647;
			files = (
				1D60589F0D05DD5A006BFB54 /* Foundation.framework in Frameworks */,
				1DF5F4E00D08C38300B7A737 /* UIKit.framework in Frameworks */,
				288765A50DF7441C002DB57D /* CoreGraphics.framework in Frameworks */,
				25BEBEB3126015F800E18F34 /* libOBCommand.a in Frameworks */,
				25BEBF611260289700E18F34 /* CoreData.framework in Frameworks */,
				25BEC25E1260626400E18F34 /* QuartzCore.framework in Frameworks */,
			);
			runOnlyForDeploymentPostprocessing = 0;
		};
/* End PBXFrameworksBuildPhase section */

/* Begin PBXGroup section */
		01C83D111262C02C0008D4F8 /* OBCommand */ = {
			isa = PBXGroup;
			children = (
				01C83D271262C0550008D4F8 /* CoreData */,
				01C83D151262C03B0008D4F8 /* Config */,
			);
			name = OBCommand;
			sourceTree = "<group>";
		};
		01C83D151262C03B0008D4F8 /* Config */ = {
			isa = PBXGroup;
			children = (
				01C83D161262C03B0008D4F8 /* Model */,
				01C83D1C1262C03B0008D4F8 /* OBOAuthServiceConfig.json */,
				01C83D1D1262C03B0008D4F8 /* OBClient.json */,
			);
			name = Config;
			path = Classes/Vendor/OBCommand/Resources/Config;
			sourceTree = "<group>";
		};
		01C83D161262C03B0008D4F8 /* Model */ = {
			isa = PBXGroup;
			children = (
				01C83D171262C03B0008D4F8 /* OBFacebookUser.json */,
				01C83D181262C03B0008D4F8 /* OBFoursquareUser.json */,
				01C83D191262C03B0008D4F8 /* OBFriend.json */,
				01C83D1A1262C03B0008D4F8 /* OBTwitterUser.json */,
			);
			path = Model;
			sourceTree = "<group>";
		};
		01C83D271262C0550008D4F8 /* CoreData */ = {
			isa = PBXGroup;
			children = (
				01C83D281262C0550008D4F8 /* OBControl.xcdatamodel */,
			);
			name = CoreData;
			path = Classes/Vendor/OBCommand/Resources/CoreData;
			sourceTree = "<group>";
		};
		080E96DDFE201D6D7F000001 /* Classes */ = {
			isa = PBXGroup;
			children = (
				251EA13D1262ABD60055CFD2 /* Vendor */,
				25E0516E125FCB7500CA6AC1 /* Controllers */,
				25E05171125FCB7500CA6AC1 /* Models */,
				25E05172125FCB7500CA6AC1 /* Views */,
				1D3623240D0F684500981E51 /* FacemashAppDelegate.h */,
				1D3623250D0F684500981E51 /* FacemashAppDelegate.m */,
			);
			path = Classes;
			sourceTree = "<group>";
		};
		19C28FACFE9D520D11CA2CBB /* Products */ = {
			isa = PBXGroup;
			children = (
				1D6058910D05DD3D006BFB54 /* Facemash.app */,
			);
			name = Products;
			sourceTree = "<group>";
		};
		251EA13D1262ABD60055CFD2 /* Vendor */ = {
			isa = PBXGroup;
			children = (
				251EA1981262ABF80055CFD2 /* UIImage+Resize.h */,
				251EA1991262ABF80055CFD2 /* UIImage+Resize.m */,
				251EA19D1262AC230055CFD2 /* UIImage+RoundedCorner.h */,
				251EA19E1262AC230055CFD2 /* UIImage+RoundedCorner.m */,
				251EA1A01262AC380055CFD2 /* UIImage+Alpha.h */,
				251EA1A11262AC380055CFD2 /* UIImage+Alpha.m */,
			);
			path = Vendor;
			sourceTree = "<group>";
		};
		252E0FBF126083390008BD55 /* Assets */ = {
			isa = PBXGroup;
			children = (
				25E1C59D126332350052BE93 /* female.png */,
				25E1C59E126332350052BE93 /* male.png */,
				258632C4126090A400260ECB /* bieber_profile.jpg */,
				258632C5126090A400260ECB /* mrt_profile.jpg */,
				251EA3601262CB680055CFD2 /* Icon-Small.png */,
				251EA3611262CB680055CFD2 /* Icon-Small@2x.png */,
				251EA3621262CB680055CFD2 /* Icon.png */,
				251EA3631262CB680055CFD2 /* Icon@2x.png */,
				252E0FE3126083CD0008BD55 /* Icon-Small-50.png */,
				252E0FC0126083390008BD55 /* Icon-72.png */,
			);
			name = Assets;
			path = Resources/Assets;
			sourceTree = "<group>";
		};
		25BEBE7F126015A400E18F34 /* Products */ = {
			isa = PBXGroup;
			children = (
				25BEBE8C126015A400E18F34 /* libOBCommand.a */,
				25BEBE8E126015A400E18F34 /* OBCommandTests.octest */,
				25BEBE90126015A400E18F34 /* OBCommandAllTests.octest */,
			);
			name = Products;
			sourceTree = "<group>";
		};
		25E0516E125FCB7500CA6AC1 /* Controllers */ = {
			isa = PBXGroup;
			children = (
				25E0516F125FCB7500CA6AC1 /* FacemashViewController.h */,
				25E05170125FCB7500CA6AC1 /* FacemashViewController.m */,
				25E1C35C1263092D0052BE93 /* LauncherViewController.h */,
				25E1C35D1263092D0052BE93 /* LauncherViewController.m */,
			);
			path = Controllers;
			sourceTree = "<group>";
		};
		25E05171125FCB7500CA6AC1 /* Models */ = {
			isa = PBXGroup;
			children = (
			);
			path = Models;
			sourceTree = "<group>";
		};
		25E05172125FCB7500CA6AC1 /* Views */ = {
			isa = PBXGroup;
			children = (
				25E05176125FCB8F00CA6AC1 /* FaceView.h */,
				25E05177125FCB8F00CA6AC1 /* FaceView.m */,
			);
			path = Views;
			sourceTree = "<group>";
		};
		25E05181125FCBD000CA6AC1 /* Nibs */ = {
			isa = PBXGroup;
			children = (
				25E05182125FCBD000CA6AC1 /* Controllers */,
				25E05185125FCBD000CA6AC1 /* Views */,
				251EA2C71262C3E50055CFD2 /* MainWindow_iPhone.xib */,
				25E05184125FCBD000CA6AC1 /* MainWindow_iPad.xib */,
			);
			name = Nibs;
			path = Resources/Nibs;
			sourceTree = "<group>";
		};
		25E05182125FCBD000CA6AC1 /* Controllers */ = {
			isa = PBXGroup;
			children = (
				251EA2E21262C4BA0055CFD2 /* FacemashViewController_iPhone.xib */,
				25E05183125FCBD000CA6AC1 /* FacemashViewController_iPad.xib */,
				25E1C35F12630A9B0052BE93 /* LauncherViewController_iPhone.xib */,
				25E1C36112630AAF0052BE93 /* LauncherViewController_iPad.xib */,
			);
			path = Controllers;
			sourceTree = "<group>";
		};
		25E05185125FCBD000CA6AC1 /* Views */ = {
			isa = PBXGroup;
			children = (
				251EA2F51262C5890055CFD2 /* FaceView_iPhone.xib */,
				25E05188125FCBE300CA6AC1 /* FaceView_iPad.xib */,
			);
			path = Views;
			sourceTree = "<group>";
		};
		29B97314FDCFA39411CA2CEA /* CustomTemplate */ = {
			isa = PBXGroup;
			children = (
				080E96DDFE201D6D7F000001 /* Classes */,
				29B97315FDCFA39411CA2CEA /* Other Sources */,
				29B97317FDCFA39411CA2CEA /* Resources */,
				29B97323FDCFA39411CA2CEA /* Frameworks */,
				19C28FACFE9D520D11CA2CBB /* Products */,
			);
			name = CustomTemplate;
			sourceTree = "<group>";
		};
		29B97315FDCFA39411CA2CEA /* Other Sources */ = {
			isa = PBXGroup;
			children = (
				32CA4F630368D1EE00C91783 /* Facemash_Prefix.pch */,
				29B97316FDCFA39411CA2CEA /* main.m */,
				25E050E9125FC04800CA6AC1 /* Constants.h */,
			);
			name = "Other Sources";
			sourceTree = "<group>";
		};
		29B97317FDCFA39411CA2CEA /* Resources */ = {
			isa = PBXGroup;
			children = (
				01C83D111262C02C0008D4F8 /* OBCommand */,
				252E0FBF126083390008BD55 /* Assets */,
				25E05181125FCBD000CA6AC1 /* Nibs */,
				8D1107310486CEB800E47090 /* Facemash-Info.plist */,
			);
			name = Resources;
			sourceTree = "<group>";
		};
		29B97323FDCFA39411CA2CEA /* Frameworks */ = {
			isa = PBXGroup;
			children = (
				25BEBE7E126015A400E18F34 /* OBCommand.xcodeproj */,
				1DF5F4DF0D08C38300B7A737 /* UIKit.framework */,
				1D30AB110D05D00D00671497 /* Foundation.framework */,
				288765A40DF7441C002DB57D /* CoreGraphics.framework */,
				25BEBF601260289700E18F34 /* CoreData.framework */,
				25BEC25D1260626400E18F34 /* QuartzCore.framework */,
			);
			name = Frameworks;
			sourceTree = "<group>";
		};
/* End PBXGroup section */

/* Begin PBXNativeTarget section */
		1D6058900D05DD3D006BFB54 /* Facemash */ = {
			isa = PBXNativeTarget;
			buildConfigurationList = 1D6058960D05DD3E006BFB54 /* Build configuration list for PBXNativeTarget "Facemash" */;
			buildPhases = (
				1D60588D0D05DD3D006BFB54 /* Resources */,
				1D60588E0D05DD3D006BFB54 /* Sources */,
				1D60588F0D05DD3D006BFB54 /* Frameworks */,
			);
			buildRules = (
			);
			dependencies = (
				25BEBEB81260160D00E18F34 /* PBXTargetDependency */,
			);
			name = Facemash;
			productName = Facemash;
			productReference = 1D6058910D05DD3D006BFB54 /* Facemash.app */;
			productType = "com.apple.product-type.application";
		};
/* End PBXNativeTarget section */

/* Begin PBXProject section */
		29B97313FDCFA39411CA2CEA /* Project object */ = {
			isa = PBXProject;
			buildConfigurationList = C01FCF4E08A954540054247B /* Build configuration list for PBXProject "Facemash" */;
			compatibilityVersion = "Xcode 3.1";
			developmentRegion = English;
			hasScannedForEncodings = 1;
			knownRegions = (
				English,
				Japanese,
				French,
				German,
			);
			mainGroup = 29B97314FDCFA39411CA2CEA /* CustomTemplate */;
			projectDirPath = "";
			projectReferences = (
				{
					ProductGroup = 25BEBE7F126015A400E18F34 /* Products */;
					ProjectRef = 25BEBE7E126015A400E18F34 /* OBCommand.xcodeproj */;
				},
			);
			projectRoot = "";
			targets = (
				1D6058900D05DD3D006BFB54 /* Facemash */,
			);
		};
/* End PBXProject section */

/* Begin PBXReferenceProxy section */
		25BEBE8C126015A400E18F34 /* libOBCommand.a */ = {
			isa = PBXReferenceProxy;
			fileType = archive.ar;
			path = libOBCommand.a;
			remoteRef = 25BEBE8B126015A400E18F34 /* PBXContainerItemProxy */;
			sourceTree = BUILT_PRODUCTS_DIR;
		};
		25BEBE8E126015A400E18F34 /* OBCommandTests.octest */ = {
			isa = PBXReferenceProxy;
			fileType = wrapper.cfbundle;
			path = OBCommandTests.octest;
			remoteRef = 25BEBE8D126015A400E18F34 /* PBXContainerItemProxy */;
			sourceTree = BUILT_PRODUCTS_DIR;
		};
		25BEBE90126015A400E18F34 /* OBCommandAllTests.octest */ = {
			isa = PBXReferenceProxy;
			fileType = wrapper.cfbundle;
			path = OBCommandAllTests.octest;
			remoteRef = 25BEBE8F126015A400E18F34 /* PBXContainerItemProxy */;
			sourceTree = BUILT_PRODUCTS_DIR;
		};
/* End PBXReferenceProxy section */

/* Begin PBXResourcesBuildPhase section */
		1D60588D0D05DD3D006BFB54 /* Resources */ = {
			isa = PBXResourcesBuildPhase;
			buildActionMask = 2147483647;
			files = (
				25E05186125FCBD000CA6AC1 /* FacemashViewController_iPad.xib in Resources */,
				25E05187125FCBD000CA6AC1 /* MainWindow_iPad.xib in Resources */,
				25E05189125FCBE300CA6AC1 /* FaceView_iPad.xib in Resources */,
				252E0FC1126083390008BD55 /* Icon-72.png in Resources */,
				252E0FE4126083CD0008BD55 /* Icon-Small-50.png in Resources */,
				258632C6126090A400260ECB /* bieber_profile.jpg in Resources */,
				258632C7126090A400260ECB /* mrt_profile.jpg in Resources */,
				01C83D1E1262C03B0008D4F8 /* OBFacebookUser.json in Resources */,
				01C83D1F1262C03B0008D4F8 /* OBFoursquareUser.json in Resources */,
				01C83D201262C03B0008D4F8 /* OBFriend.json in Resources */,
				01C83D211262C03B0008D4F8 /* OBTwitterUser.json in Resources */,
				01C83D231262C03B0008D4F8 /* OBOAuthServiceConfig.json in Resources */,
				01C83D241262C03B0008D4F8 /* OBClient.json in Resources */,
				251EA2C81262C3E50055CFD2 /* MainWindow_iPhone.xib in Resources */,
				251EA2E31262C4BA0055CFD2 /* FacemashViewController_iPhone.xib in Resources */,
				251EA2F61262C5890055CFD2 /* FaceView_iPhone.xib in Resources */,
				251EA3641262CB680055CFD2 /* Icon-Small.png in Resources */,
				251EA3651262CB680055CFD2 /* Icon-Small@2x.png in Resources */,
				251EA3661262CB680055CFD2 /* Icon.png in Resources */,
				251EA3671262CB680055CFD2 /* Icon@2x.png in Resources */,
				25E1C36012630A9B0052BE93 /* LauncherViewController_iPhone.xib in Resources */,
				25E1C36212630AAF0052BE93 /* LauncherViewController_iPad.xib in Resources */,
				25E1C59F126332350052BE93 /* female.png in Resources */,
				25E1C5A0126332350052BE93 /* male.png in Resources */,
			);
			runOnlyForDeploymentPostprocessing = 0;
		};
/* End PBXResourcesBuildPhase section */

/* Begin PBXSourcesBuildPhase section */
		1D60588E0D05DD3D006BFB54 /* Sources */ = {
			isa = PBXSourcesBuildPhase;
			buildActionMask = 2147483647;
			files = (
				1D60589B0D05DD56006BFB54 /* main.m in Sources */,
				1D3623260D0F684500981E51 /* FacemashAppDelegate.m in Sources */,
				25E05173125FCB7500CA6AC1 /* FacemashViewController.m in Sources */,
				25E05178125FCB8F00CA6AC1 /* FaceView.m in Sources */,
				251EA19A1262ABF80055CFD2 /* UIImage+Resize.m in Sources */,
				251EA19F1262AC230055CFD2 /* UIImage+RoundedCorner.m in Sources */,
				251EA1A21262AC380055CFD2 /* UIImage+Alpha.m in Sources */,
				01C83D291262C0550008D4F8 /* OBControl.xcdatamodel in Sources */,
				25E1C35E1263092D0052BE93 /* LauncherViewController.m in Sources */,
			);
			runOnlyForDeploymentPostprocessing = 0;
		};
/* End PBXSourcesBuildPhase section */

/* Begin PBXTargetDependency section */
		25BEBEB81260160D00E18F34 /* PBXTargetDependency */ = {
			isa = PBXTargetDependency;
			name = OBCommand;
			targetProxy = 25BEBEB71260160D00E18F34 /* PBXContainerItemProxy */;
		};
/* End PBXTargetDependency section */

/* Begin XCBuildConfiguration section */
		1D6058940D05DD3E006BFB54 /* Debug */ = {
			isa = XCBuildConfiguration;
			buildSettings = {
				ALWAYS_SEARCH_USER_PATHS = NO;
				ARCHS = "$(ARCHS_STANDARD_32_BIT)";
				COPY_PHASE_STRIP = NO;
				GCC_DYNAMIC_NO_PIC = NO;
				GCC_OPTIMIZATION_LEVEL = 0;
				GCC_PRECOMPILE_PREFIX_HEADER = YES;
				GCC_PREFIX_HEADER = Facemash_Prefix.pch;
				INFOPLIST_FILE = "Facemash-Info.plist";
				IPHONEOS_DEPLOYMENT_TARGET = 3.1;
				PRODUCT_NAME = Facemash;
				SDKROOT = iphoneos;
			};
			name = Debug;
		};
		1D6058950D05DD3E006BFB54 /* Release */ = {
			isa = XCBuildConfiguration;
			buildSettings = {
				ALWAYS_SEARCH_USER_PATHS = NO;
				ARCHS = "$(ARCHS_STANDARD_32_BIT)";
				COPY_PHASE_STRIP = YES;
				GCC_PRECOMPILE_PREFIX_HEADER = YES;
				GCC_PREFIX_HEADER = Facemash_Prefix.pch;
				INFOPLIST_FILE = "Facemash-Info.plist";
				IPHONEOS_DEPLOYMENT_TARGET = 3.1;
				PRODUCT_NAME = Facemash;
				SDKROOT = iphoneos;
				VALIDATE_PRODUCT = YES;
			};
			name = Release;
		};
		C01FCF4F08A954540054247B /* Debug */ = {
			isa = XCBuildConfiguration;
			buildSettings = {
				ARCHS = "$(ARCHS_STANDARD_32_BIT)";
				"CODE_SIGN_IDENTITY[sdk=iphoneos*]" = "iPhone Developer";
				GCC_C_LANGUAGE_STANDARD = c99;
				GCC_WARN_ABOUT_RETURN_TYPE = YES;
				GCC_WARN_UNUSED_VARIABLE = YES;
				HEADER_SEARCH_PATHS = "$(SRCROOT)/Classes/Vendor/OBCommand/Classes/**";
				IPHONEOS_DEPLOYMENT_TARGET = 3.1;
				OTHER_LDFLAGS = (
					"-ObjC",
					"-all_load",
				);
				PREBINDING = NO;
				SDKROOT = iphoneos4.2;
				TARGETED_DEVICE_FAMILY = "1,2";
				USER_HEADER_SEARCH_PATHS = "";
			};
			name = Debug;
		};
		C01FCF5008A954540054247B /* Release */ = {
			isa = XCBuildConfiguration;
			buildSettings = {
				ARCHS = "$(ARCHS_STANDARD_32_BIT)";
				"CODE_SIGN_IDENTITY[sdk=iphoneos*]" = "iPhone Developer";
				GCC_C_LANGUAGE_STANDARD = c99;
				GCC_WARN_ABOUT_RETURN_TYPE = YES;
				GCC_WARN_UNUSED_VARIABLE = YES;
				HEADER_SEARCH_PATHS = "$(SRCROOT)/Classes/Vendor/OBCommand/Classes/**";
				IPHONEOS_DEPLOYMENT_TARGET = 3.1;
				OTHER_CFLAGS = "-DNS_BLOCK_ASSERTIONS=1";
				OTHER_LDFLAGS = "-ObjC";
				PREBINDING = NO;
				SDKROOT = iphoneos4.2;
				TARGETED_DEVICE_FAMILY = "1,2";
			};
			name = Release;
		};
/* End XCBuildConfiguration section */

/* Begin XCConfigurationList section */
		1D6058960D05DD3E006BFB54 /* Build configuration list for PBXNativeTarget "Facemash" */ = {
			isa = XCConfigurationList;
			buildConfigurations = (
				1D6058940D05DD3E006BFB54 /* Debug */,
				1D6058950D05DD3E006BFB54 /* Release */,
			);
			defaultConfigurationIsVisible = 0;
			defaultConfigurationName = Release;
		};
		C01FCF4E08A954540054247B /* Build configuration list for PBXProject "Facemash" */ = {
			isa = XCConfigurationList;
			buildConfigurations = (
				C01FCF4F08A954540054247B /* Debug */,
				C01FCF5008A954540054247B /* Release */,
			);
			defaultConfigurationIsVisible = 0;
			defaultConfigurationName = Release;
		};
/* End XCConfigurationList section */
	};
	rootObject = 29B97313FDCFA39411CA2CEA /* Project object */;
}
